<?xml version="1.0" encoding="utf-8"?>
<Project ToolsVersion="4.0" xmlns="http://schemas.microsoft.com/developer/msbuild/2003">
  <ItemGroup>
    <Filter Include="源文件">
      <UniqueIdentifier>{4FC737F1-C7A5-4376-A066-2A32D752A2FF}</UniqueIdentifier>
      <Extensions>cpp;c;cc;cxx;c++;cppm;ixx;def;odl;idl;hpj;bat;asm;asmx</Extensions>
    </Filter>
    <Filter Include="头文件">
      <UniqueIdentifier>{93995380-89BD-4b04-88EB-625FBE52EBFB}</UniqueIdentifier>
      <Extensions>h;hh;hpp;hxx;h++;hm;inl;inc;ipp;xsd</Extensions>
    </Filter>
    <Filter Include="资源文件">
      <UniqueIdentifier>{67DA6AB6-F800-4c08-8B7A-83BB121AAD01}</UniqueIdentifier>
      <Extensions>rc;ico;cur;bmp;dlg;rc2;rct;bin;rgs;gif;jpg;jpeg;jpe;resx;tiff;tif;png;wav;mfcribbon-ms</Extensions>
    </Filter>
    <Filter Include="standard_module">
      <UniqueIdentifier>{c67e85ca-4a7b-4003-9414-6c84bb14868e}</UniqueIdentifier>
    </Filter>
  </ItemGroup>
  <ItemGroup>
    <ClCompile Include="Rapid.cpp">
      <Filter>源文件</Filter>
    </ClCompile>
    <ClCompile Include="handle.cpp">
      <Filter>源文件</Filter>
    </ClCompile>
    <ClCompile Include="heap.cpp">
      <Filter>源文件</Filter>
    </ClCompile>
    <ClCompile Include="global.cpp">
      <Filter>源文件</Filter>
    </ClCompile>
    <ClCompile Include="engine.cpp">
      <Filter>源文件</Filter>
    </ClCompile>
    <ClCompile Include="api.cpp">
      <Filter>源文件</Filter>
    </ClCompile>
    <ClCompile Include="object.cpp">
      <Filter>源文件</Filter>
    </ClCompile>
    <ClCompile Include="allocation.cpp">
      <Filter>源文件</Filter>
    </ClCompile>
    <ClCompile Include="compiler.cpp">
      <Filter>源文件</Filter>
    </ClCompile>
    <ClCompile Include="ast.cpp">
      <Filter>源文件</Filter>
    </ClCompile>
    <ClCompile Include="ast_visualizer.cpp">
      <Filter>源文件</Filter>
    </ClCompile>
    <ClCompile Include="executer.cpp">
      <Filter>源文件</Filter>
    </ClCompile>
    <ClCompile Include="console.cpp">
      <Filter>standard_module</Filter>
    </ClCompile>
  </ItemGroup>
  <ItemGroup>
    <ClInclude Include="object.h">
      <Filter>头文件</Filter>
    </ClInclude>
    <ClInclude Include="preprocessors.h">
      <Filter>头文件</Filter>
    </ClInclude>
    <ClInclude Include="factory.h">
      <Filter>头文件</Filter>
    </ClInclude>
    <ClInclude Include="heap.h">
      <Filter>头文件</Filter>
    </ClInclude>
    <ClInclude Include="handle.h">
      <Filter>头文件</Filter>
    </ClInclude>
    <ClInclude Include="type.h">
      <Filter>头文件</Filter>
    </ClInclude>
    <ClInclude Include="engine.h">
      <Filter>头文件</Filter>
    </ClInclude>
    <ClInclude Include="global.h">
      <Filter>头文件</Filter>
    </ClInclude>
    <ClInclude Include="rapid.h">
      <Filter>头文件</Filter>
    </ClInclude>
    <ClInclude Include="debug.h">
      <Filter>头文件</Filter>
    </ClInclude>
    <ClInclude Include="string_pool.h">
      <Filter>头文件</Filter>
    </ClInclude>
    <ClInclude Include="compiler.h">
      <Filter>头文件</Filter>
    </ClInclude>
    <ClInclude Include="executer.h">
      <Filter>头文件</Filter>
    </ClInclude>
    <ClInclude Include="list.h">
      <Filter>头文件</Filter>
    </ClInclude>
    <ClInclude Include="allocation.h">
      <Filter>头文件</Filter>
    </ClInclude>
    <ClInclude Include="bytecode.h">
      <Filter>头文件</Filter>
    </ClInclude>
    <ClInclude Include="ast.h">
      <Filter>头文件</Filter>
    </ClInclude>
    <ClInclude Include="ast_visualizer.h">
      <Filter>头文件</Filter>
    </ClInclude>
    <ClInclude Include="stringbuilder.h">
      <Filter>头文件</Filter>
    </ClInclude>
    <ClInclude Include="config.h">
      <Filter>头文件</Filter>
    </ClInclude>
    <ClInclude Include="console.h">
      <Filter>standard_module</Filter>
    </ClInclude>
    <ClInclude Include="util.h">
      <Filter>头文件</Filter>
    </ClInclude>
  </ItemGroup>
  <ItemGroup>
    <Natvis Include="native_debug.natvis" />
  </ItemGroup>
</Project>