
Microsoft Visual Studio Solution File, Format Version 12.00
# Visual Studio Version 16
VisualStudioVersion = 16.0.31729.503
MinimumVisualStudioVersion = 10.0.40219.1
Project("{8BC9CEB8-8B4A-11D0-8D11-00A0C91BC942}") = "Rapid", "Rapid.vcxproj", "{D251F725-E165-4387-BD36-CDAC971C58AB}"
EndProject
Global
	GlobalSection(SolutionConfigurationPlatforms) = preSolution
		Debug|x64 = Debug|x64
		Debug|x86 = Debug|x86
		Release|x64 = Release|x64
		Release|x86 = Release|x86
	EndGlobalSection
	GlobalSection(ProjectConfigurationPlatforms) = postSolution
		{D251F725-E165-4387-BD36-CDAC971C58AB}.Debug|x64.ActiveCfg = Debug|x64
		{D251F725-E165-4387-BD36-CDAC971C58AB}.Debug|x64.Build.0 = Debug|x64
		{D251F725-E165-4387-BD36-CDAC971C58AB}.Debug|x86.ActiveCfg = Debug|Win32
		{D251F725-E165-4387-BD36-CDAC971C58AB}.Debug|x86.Build.0 = Debug|Win32
		{D251F725-E165-4387-BD36-CDAC971C58AB}.Release|x64.ActiveCfg = Release|x64
		{D251F725-E165-4387-BD36-CDAC971C58AB}.Release|x64.Build.0 = Release|x64
		{D251F725-E165-4387-BD36-CDAC971C58AB}.Release|x86.ActiveCfg = Release|Win32
		{D251F725-E165-4387-BD36-CDAC971C58AB}.Release|x86.Build.0 = Release|Win32
	EndGlobalSection
	GlobalSection(SolutionProperties) = preSolution
		HideSolutionNode = FALSE
	EndGlobalSection
	GlobalSection(ExtensibilityGlobals) = postSolution
		SolutionGuid = {65DAFD6B-D9D5-4D70-833B-7A0607A771F0}
	EndGlobalSection
EndGlobal
